
Microsoft Visual Studio Solution File, Format Version 12.00
# Visual Studio Version 17
VisualStudioVersion = 17.9.34701.34
MinimumVisualStudioVersion = 10.0.40219.1
Project("{9A19103F-16F7-4668-BE54-9A1E7A4F7556}") = "TransportSchadules", "TransportSchadules\TransportSchadules.csproj", "{D6B29E8A-B688-4DEE-8D86-E430E217EDBB}"
EndProject
Project("{FAE04EC0-301F-11D3-BF4B-00C04F79EFBC}") = "TransportTests", "TransportTests\TransportTests.csproj", "{E01CCD35-B013-4546-B9FB-43D8A67F9002}"
EndProject
Global
	GlobalSection(SolutionConfigurationPlatforms) = preSolution
		Debug|Any CPU = Debug|Any CPU
		Release|Any CPU = Release|Any CPU
	EndGlobalSection
	GlobalSection(ProjectConfigurationPlatforms) = postSolution
		{D6B29E8A-B688-4DEE-8D86-E430E217EDBB}.Debug|Any CPU.ActiveCfg = Debug|Any CPU
		{D6B29E8A-B688-4DEE-8D86-E430E217EDBB}.Debug|Any CPU.Build.0 = Debug|Any CPU
		{D6B29E8A-B688-4DEE-8D86-E430E217EDBB}.Release|Any CPU.ActiveCfg = Release|Any CPU
		{D6B29E8A-B688-4DEE-8D86-E430E217EDBB}.Release|Any CPU.Build.0 = Release|Any CPU
		{E01CCD35-B013-4546-B9FB-43D8A67F9002}.Debug|Any CPU.ActiveCfg = Debug|Any CPU
		{E01CCD35-B013-4546-B9FB-43D8A67F9002}.Debug|Any CPU.Build.0 = Debug|Any CPU
		{E01CCD35-B013-4546-B9FB-43D8A67F9002}.Release|Any CPU.ActiveCfg = Release|Any CPU
		{E01CCD35-B013-4546-B9FB-43D8A67F9002}.Release|Any CPU.Build.0 = Release|Any CPU
	EndGlobalSection
	GlobalSection(SolutionProperties) = preSolution
		HideSolutionNode = FALSE
	EndGlobalSection
	GlobalSection(ExtensibilityGlobals) = postSolution
		SolutionGuid = {059F8945-B300-4A34-A612-60CDC73A700C}
	EndGlobalSection
EndGlobal
